// !$*UTF8*$!
{
	archiveVersion = 1;
	classes = {
	};
	objectVersion = 70;
	objects = {

/* Begin PBXBuildFile section */
		AA0000000000000000000036 /* PaceTracker.swift in Sources */ = {isa = PBXBuildFile; fileRef = AA0000000000000000000035 /* PaceTracker.swift */; };
		AA0000000000000000000037 /* PaceTracker.swift in Sources */ = {isa = PBXBuildFile; fileRef = AA0000000000000000000035 /* PaceTracker.swift */; };
		AA00000000000000000000F1 /* WatchHealthAccess.swift in Sources */ = {isa = PBXBuildFile; fileRef = AA00000000000000000000F0 /* WatchHealthAccess.swift */; };
		AA00000000000000000000F2 /* WatchHealthAccess.swift in Sources */ = {isa = PBXBuildFile; fileRef = AA00000000000000000000F0 /* WatchHealthAccess.swift */; };
		AA0000000000000000000033 /* PhaseClock.swift in Sources */ = {isa = PBXBuildFile; fileRef = AA0000000000000000000032 /* PhaseClock.swift */; };
		AA0000000000000000000034 /* PhaseClock.swift in Sources */ = {isa = PBXBuildFile; fileRef = AA0000000000000000000032 /* PhaseClock.swift */; };
		AA000000000000000000002F /* WatchLinkMessage.swift in Sources */ = {isa = PBXBuildFile; fileRef = AA000000000000000000002E /* WatchLinkMessage.swift */; };
		AA0000000000000000000030 /* WatchLinkMessage.swift in Sources */ = {isa = PBXBuildFile; fileRef = AA000000000000000000002E /* WatchLinkMessage.swift */; };
		AA0000000000000000000020 /* RunWorkoutActivityAttributes.swift in Sources */ = {isa = PBXBuildFile; fileRef = AA000000000000000000001E /* RunWorkoutActivityAttributes.swift */; };
		AA0000000000000000000021 /* RunWorkoutActivityAttributes.swift in Sources */ = {isa = PBXBuildFile; fileRef = AA000000000000000000001E /* RunWorkoutActivityAttributes.swift */; };
		AA0000000000000000000022 /* RunWorkoutLiveActivity.swift in Sources */ = {isa = PBXBuildFile; fileRef = AA000000000000000000001F /* RunWorkoutLiveActivity.swift */; };
		AA0000000000000000000023 /* RunExporterLiveActivity.appex in Embed Foundation Extensions */ = {isa = PBXBuildFile; fileRef = AA000000000000000000001B /* RunExporterLiveActivity.appex */; settings = {ATTRIBUTES = (RemoveHeadersOnCopy, ); }; };
		CD3917EB3027108C00D02ADA /* RunExporterWatch Watch App.app in Embed Watch Content */ = {isa = PBXBuildFile; fileRef = CD3917EA3027108C00D02ADA /* RunExporterWatch Watch App.app */; settings = {ATTRIBUTES = (RemoveHeadersOnCopy, ); }; };
/* End PBXBuildFile section */

/* Begin PBXContainerItemProxy section */
		AA000000000000000000003F /* PBXContainerItemProxy */ = {
			isa = PBXContainerItemProxy;
			containerPortal = AA0000000000000000000001 /* Project object */;
			proxyType = 1;
			remoteGlobalIDString = AA0000000000000000000005;
			remoteInfo = RunExporter;
		};
		AA000000000000000000001A /* PBXContainerItemProxy */ = {
			isa = PBXContainerItemProxy;
			containerPortal = AA0000000000000000000001 /* Project object */;
			proxyType = 1;
			remoteGlobalIDString = AA0000000000000000000005;
			remoteInfo = RunExporter;
		};
		AA000000000000000000002B /* PBXContainerItemProxy */ = {
			isa = PBXContainerItemProxy;
			containerPortal = AA0000000000000000000001 /* Project object */;
			proxyType = 1;
			remoteGlobalIDString = AA000000000000000000002D;
			remoteInfo = RunExporterLiveActivity;
		};
		CD3917EC3027108C00D02ADA /* PBXContainerItemProxy */ = {
			isa = PBXContainerItemProxy;
			containerPortal = AA0000000000000000000001 /* Project object */;
			proxyType = 1;
			remoteGlobalIDString = CD3917E93027108C00D02ADA;
			remoteInfo = "RunExporterWatch Watch App";
		};
/* End PBXContainerItemProxy section */

/* Begin PBXCopyFilesBuildPhase section */
		AA000000000000000000002C /* Embed Foundation Extensions */ = {
			isa = PBXCopyFilesBuildPhase;
			buildActionMask = 2147483647;
			dstPath = "";
			dstSubfolderSpec = 13;
			files = (
				AA0000000000000000000023 /* RunExporterLiveActivity.appex in Embed Foundation Extensions */,
			);
			name = "Embed Foundation Extensions";
			runOnlyForDeploymentPostprocessing = 0;
		};
		CD3917F73027108E00D02ADA /* Embed Watch Content */ = {
			isa = PBXCopyFilesBuildPhase;
			buildActionMask = 2147483647;
			dstPath = "$(CONTENTS_FOLDER_PATH)/Watch";
			dstSubfolderSpec = 16;
			files = (
				CD3917EB3027108C00D02ADA /* RunExporterWatch Watch App.app in Embed Watch Content */,
			);
			name = "Embed Watch Content";
			runOnlyForDeploymentPostprocessing = 0;
		};
/* End PBXCopyFilesBuildPhase section */

/* Begin PBXFileReference section */
		AA0000000000000000000006 /* RunExporter.app */ = {isa = PBXFileReference; explicitFileType = wrapper.application; includeInIndex = 0; path = RunExporter.app; sourceTree = BUILT_PRODUCTS_DIR; };
		AA0000000000000000000012 /* RunExporterTests.xctest */ = {isa = PBXFileReference; explicitFileType = wrapper.cfbundle; includeInIndex = 0; path = RunExporterTests.xctest; sourceTree = BUILT_PRODUCTS_DIR; };
		AA0000000000000000000038 /* RunExporterUITests.xctest */ = {isa = PBXFileReference; explicitFileType = wrapper.cfbundle; includeInIndex = 0; path = RunExporterUITests.xctest; sourceTree = BUILT_PRODUCTS_DIR; };
		AA000000000000000000001B /* RunExporterLiveActivity.appex */ = {isa = PBXFileReference; explicitFileType = "wrapper.app-extension"; includeInIndex = 0; path = RunExporterLiveActivity.appex; sourceTree = BUILT_PRODUCTS_DIR; };
		AA000000000000000000001E /* RunWorkoutActivityAttributes.swift */ = {isa = PBXFileReference; lastKnownFileType = sourcecode.swift; path = RunWorkoutActivityAttributes.swift; sourceTree = "<group>"; };
		AA000000000000000000002E /* WatchLinkMessage.swift */ = {isa = PBXFileReference; lastKnownFileType = sourcecode.swift; path = WatchLinkMessage.swift; sourceTree = "<group>"; };
		AA0000000000000000000035 /* PaceTracker.swift */ = {isa = PBXFileReference; lastKnownFileType = sourcecode.swift; path = PaceTracker.swift; sourceTree = "<group>"; };
		AA00000000000000000000F0 /* WatchHealthAccess.swift */ = {isa = PBXFileReference; lastKnownFileType = sourcecode.swift; path = WatchHealthAccess.swift; sourceTree = "<group>"; };
		AA0000000000000000000032 /* PhaseClock.swift */ = {isa = PBXFileReference; lastKnownFileType = sourcecode.swift; path = PhaseClock.swift; sourceTree = "<group>"; };
		AA0000000000000000000031 /* Shared.xcconfig */ = {isa = PBXFileReference; lastKnownFileType = text.xcconfig; name = Shared.xcconfig; path = Config/Shared.xcconfig; sourceTree = SOURCE_ROOT; };
		AA000000000000000000001F /* RunWorkoutLiveActivity.swift */ = {isa = PBXFileReference; lastKnownFileType = sourcecode.swift; path = RunWorkoutLiveActivity.swift; sourceTree = "<group>"; };
		CD3917EA3027108C00D02ADA /* RunExporterWatch Watch App.app */ = {isa = PBXFileReference; explicitFileType = wrapper.application; includeInIndex = 0; path = "RunExporterWatch Watch App.app"; sourceTree = BUILT_PRODUCTS_DIR; };
/* End PBXFileReference section */

/* Begin PBXFileSystemSynchronizedRootGroup section */
		AA0000000000000000000004 /* RunExporter */ = {isa = PBXFileSystemSynchronizedRootGroup; explicitFileTypes = {}; explicitFolders = (); path = RunExporter; sourceTree = "<group>"; };
		AA0000000000000000000010 /* RunExporterTests */ = {isa = PBXFileSystemSynchronizedRootGroup; explicitFileTypes = {}; explicitFolders = (); path = RunExporterTests; sourceTree = "<group>"; };
		AA0000000000000000000039 /* RunExporterUITests */ = {isa = PBXFileSystemSynchronizedRootGroup; explicitFileTypes = {}; explicitFolders = (); path = RunExporterUITests; sourceTree = "<group>"; };
		CD3917EE3027108C00D02ADA /* RunExporterWatch Watch App */ = {isa = PBXFileSystemSynchronizedRootGroup; explicitFileTypes = {}; explicitFolders = (); path = "RunExporterWatch Watch App"; sourceTree = "<group>"; };
/* End PBXFileSystemSynchronizedRootGroup section */

/* Begin PBXFrameworksBuildPhase section */
		AA0000000000000000000008 /* Frameworks */ = {
			isa = PBXFrameworksBuildPhase;
			buildActionMask = 2147483647;
			files = (
			);
			runOnlyForDeploymentPostprocessing = 0;
		};
		AA0000000000000000000014 /* Frameworks */ = {
			isa = PBXFrameworksBuildPhase;
			buildActionMask = 2147483647;
			files = (
			);
			runOnlyForDeploymentPostprocessing = 0;
		};
		AA0000000000000000000025 /* Frameworks */ = {
			isa = PBXFrameworksBuildPhase;
			buildActionMask = 2147483647;
			files = (
			);
			runOnlyForDeploymentPostprocessing = 0;
		};
		CD3917E73027108C00D02ADA /* Frameworks */ = {
			isa = PBXFrameworksBuildPhase;
			buildActionMask = 2147483647;
			files = (
			);
			runOnlyForDeploymentPostprocessing = 0;
		};
		AA000000000000000000003C /* Frameworks */ = {
			isa = PBXFrameworksBuildPhase;
			buildActionMask = 2147483647;
			files = (
			);
			runOnlyForDeploymentPostprocessing = 0;
		};
/* End PBXFrameworksBuildPhase section */

/* Begin PBXGroup section */
		AA0000000000000000000002 = {
			isa = PBXGroup;
			children = (
				AA0000000000000000000004 /* RunExporter */,
				AA000000000000000000001D /* Shared */,
				AA000000000000000000001C /* RunExporterLiveActivity */,
				AA0000000000000000000039 /* RunExporterUITests */,
				CD3917EE3027108C00D02ADA /* RunExporterWatch Watch App */,
				AA0000000000000000000003 /* Products */,
				CD39175C30270E1300D02ADA /* Recovered References */,
				AA0000000000000000000031 /* Shared.xcconfig */,
			);
			sourceTree = "<group>";
		};
		AA0000000000000000000003 /* Products */ = {
			isa = PBXGroup;
			children = (
				AA0000000000000000000006 /* RunExporter.app */,
				AA0000000000000000000012 /* RunExporterTests.xctest */,
				AA0000000000000000000038 /* RunExporterUITests.xctest */,
				AA000000000000000000001B /* RunExporterLiveActivity.appex */,
				CD3917EA3027108C00D02ADA /* RunExporterWatch Watch App.app */,
			);
			name = Products;
			sourceTree = "<group>";
		};
		AA000000000000000000001C /* RunExporterLiveActivity */ = {
			isa = PBXGroup;
			children = (
				AA000000000000000000001F /* RunWorkoutLiveActivity.swift */,
			);
			path = RunExporterLiveActivity;
			sourceTree = "<group>";
		};
		AA000000000000000000001D /* Shared */ = {
			isa = PBXGroup;
			children = (
				AA000000000000000000001E /* RunWorkoutActivityAttributes.swift */,
				AA000000000000000000002E /* WatchLinkMessage.swift */,
				AA0000000000000000000032 /* PhaseClock.swift */,
				AA0000000000000000000035 /* PaceTracker.swift */,
				AA00000000000000000000F0 /* WatchHealthAccess.swift */,
			);
			path = Shared;
			sourceTree = "<group>";
		};
		CD39175C30270E1300D02ADA /* Recovered References */ = {
			isa = PBXGroup;
			children = (
				AA0000000000000000000010 /* RunExporterTests */,
			);
			name = "Recovered References";
			sourceTree = "<group>";
		};
/* End PBXGroup section */

/* Begin PBXNativeTarget section */
		AA0000000000000000000005 /* RunExporter */ = {
			isa = PBXNativeTarget;
			buildConfigurationList = AA000000000000000000000B /* Build configuration list for PBXNativeTarget "RunExporter" */;
			buildPhases = (
				AA0000000000000000000007 /* Sources */,
				AA0000000000000000000008 /* Frameworks */,
				AA0000000000000000000009 /* Resources */,
				AA000000000000000000002C /* Embed Foundation Extensions */,
				CD3917F73027108E00D02ADA /* Embed Watch Content */,
			);
			buildRules = (
			);
			dependencies = (
				AA000000000000000000002A /* PBXTargetDependency */,
				CD3917ED3027108C00D02ADA /* PBXTargetDependency */,
			);
			fileSystemSynchronizedGroups = (
				AA0000000000000000000004 /* RunExporter */,
			);
			name = RunExporter;
			productName = RunExporter;
			productReference = AA0000000000000000000006 /* RunExporter.app */;
			productType = "com.apple.product-type.application";
		};
		AA0000000000000000000011 /* RunExporterTests */ = {
			isa = PBXNativeTarget;
			buildConfigurationList = AA0000000000000000000016 /* Build configuration list for PBXNativeTarget "RunExporterTests" */;
			buildPhases = (
				AA0000000000000000000013 /* Sources */,
				AA0000000000000000000014 /* Frameworks */,
				AA0000000000000000000015 /* Resources */,
			);
			buildRules = (
			);
			dependencies = (
				AA0000000000000000000019 /* PBXTargetDependency */,
			);
			fileSystemSynchronizedGroups = (
				AA0000000000000000000010 /* RunExporterTests */,
			);
			name = RunExporterTests;
			productName = RunExporterTests;
			productReference = AA0000000000000000000012 /* RunExporterTests.xctest */;
			productType = "com.apple.product-type.bundle.unit-test";
		};
		AA000000000000000000002D /* RunExporterLiveActivity */ = {
			isa = PBXNativeTarget;
			buildConfigurationList = AA0000000000000000000027 /* Build configuration list for PBXNativeTarget "RunExporterLiveActivity" */;
			buildPhases = (
				AA0000000000000000000024 /* Sources */,
				AA0000000000000000000025 /* Frameworks */,
				AA0000000000000000000026 /* Resources */,
			);
			buildRules = (
			);
			dependencies = (
			);
			name = RunExporterLiveActivity;
			productName = RunExporterLiveActivity;
			productReference = AA000000000000000000001B /* RunExporterLiveActivity.appex */;
			productType = "com.apple.product-type.app-extension";
		};
		CD3917E93027108C00D02ADA /* RunExporterWatch Watch App */ = {
			isa = PBXNativeTarget;
			buildConfigurationList = CD3917FA3027108E00D02ADA /* Build configuration list for PBXNativeTarget "RunExporterWatch Watch App" */;
			buildPhases = (
				CD3917E63027108C00D02ADA /* Sources */,
				CD3917E73027108C00D02ADA /* Frameworks */,
				CD3917E83027108C00D02ADA /* Resources */,
			);
			buildRules = (
			);
			dependencies = (
			);
			fileSystemSynchronizedGroups = (
				CD3917EE3027108C00D02ADA /* RunExporterWatch Watch App */,
			);
			name = "RunExporterWatch Watch App";
			packageProductDependencies = (
			);
			productName = "RunExporterWatch Watch App";
			productReference = CD3917EA3027108C00D02ADA /* RunExporterWatch Watch App.app */;
			productType = "com.apple.product-type.application";
		};
		AA000000000000000000003A /* RunExporterUITests */ = {
			isa = PBXNativeTarget;
			buildConfigurationList = AA0000000000000000000040 /* Build configuration list for PBXNativeTarget "RunExporterUITests" */;
			buildPhases = (
				AA000000000000000000003B /* Sources */,
				AA000000000000000000003C /* Frameworks */,
				AA000000000000000000003D /* Resources */,
			);
			buildRules = (
			);
			dependencies = (
				AA000000000000000000003E /* PBXTargetDependency */,
			);
			fileSystemSynchronizedGroups = (
				AA0000000000000000000039 /* RunExporterUITests */,
			);
			name = RunExporterUITests;
			productName = RunExporterUITests;
			productReference = AA0000000000000000000038 /* RunExporterUITests.xctest */;
			productType = "com.apple.product-type.bundle.ui-testing";
		};
/* End PBXNativeTarget section */

/* Begin PBXProject section */
		AA0000000000000000000001 /* Project object */ = {
			isa = PBXProject;
			attributes = {
				BuildIndependentTargetsInParallel = 1;
				LastSwiftUpdateCheck = 2660;
				LastUpgradeCheck = 2660;
				TargetAttributes = {
					AA0000000000000000000005 = {
						CreatedOnToolsVersion = 26.6;
					};
					AA0000000000000000000011 = {
						CreatedOnToolsVersion = 26.6;
						TestTargetID = AA0000000000000000000005;
					};
					AA000000000000000000003A = {
						CreatedOnToolsVersion = 26.6;
						TestTargetID = AA0000000000000000000005;
					};
					AA000000000000000000002D = {
						CreatedOnToolsVersion = 26.6;
					};
					CD3917E93027108C00D02ADA = {
						CreatedOnToolsVersion = 26.6;
					};
				};
			};
			buildConfigurationList = AA000000000000000000000A /* Build configuration list for PBXProject "RunExporter" */;
			compatibilityVersion = "Xcode 15.0";
			developmentRegion = en;
			hasScannedForEncodings = 0;
			knownRegions = (
				en,
				Base,
			);
			mainGroup = AA0000000000000000000002;
			minimizedProjectReferenceProxies = 1;
			productRefGroup = AA0000000000000000000003 /* Products */;
			projectDirPath = "";
			projectRoot = "";
			targets = (
				AA0000000000000000000005 /* RunExporter */,
				AA0000000000000000000011 /* RunExporterTests */,
				AA000000000000000000003A /* RunExporterUITests */,
				AA000000000000000000002D /* RunExporterLiveActivity */,
				CD3917E93027108C00D02ADA /* RunExporterWatch Watch App */,
			);
		};
/* End PBXProject section */

/* Begin PBXResourcesBuildPhase section */
		AA0000000000000000000009 /* Resources */ = {
			isa = PBXResourcesBuildPhase;
			buildActionMask = 2147483647;
			files = (
			);
			runOnlyForDeploymentPostprocessing = 0;
		};
		AA0000000000000000000015 /* Resources */ = {
			isa = PBXResourcesBuildPhase;
			buildActionMask = 2147483647;
			files = (
			);
			runOnlyForDeploymentPostprocessing = 0;
		};
		AA0000000000000000000026 /* Resources */ = {
			isa = PBXResourcesBuildPhase;
			buildActionMask = 2147483647;
			files = (
			);
			runOnlyForDeploymentPostprocessing = 0;
		};
		CD3917E83027108C00D02ADA /* Resources */ = {
			isa = PBXResourcesBuildPhase;
			buildActionMask = 2147483647;
			files = (
			);
			runOnlyForDeploymentPostprocessing = 0;
		};
		AA000000000000000000003D /* Resources */ = {
			isa = PBXResourcesBuildPhase;
			buildActionMask = 2147483647;
			files = (
			);
			runOnlyForDeploymentPostprocessing = 0;
		};
/* End PBXResourcesBuildPhase section */

/* Begin PBXSourcesBuildPhase section */
		AA0000000000000000000007 /* Sources */ = {
			isa = PBXSourcesBuildPhase;
			buildActionMask = 2147483647;
			files = (
				AA0000000000000000000020 /* RunWorkoutActivityAttributes.swift in Sources */,
				AA000000000000000000002F /* WatchLinkMessage.swift in Sources */,
				AA0000000000000000000033 /* PhaseClock.swift in Sources */,
				AA0000000000000000000036 /* PaceTracker.swift in Sources */,
				AA00000000000000000000F1 /* WatchHealthAccess.swift in Sources */,
			);
			runOnlyForDeploymentPostprocessing = 0;
		};
		AA0000000000000000000013 /* Sources */ = {
			isa = PBXSourcesBuildPhase;
			buildActionMask = 2147483647;
			files = (
			);
			runOnlyForDeploymentPostprocessing = 0;
		};
		AA0000000000000000000024 /* Sources */ = {
			isa = PBXSourcesBuildPhase;
			buildActionMask = 2147483647;
			files = (
				AA0000000000000000000022 /* RunWorkoutLiveActivity.swift in Sources */,
				AA0000000000000000000021 /* RunWorkoutActivityAttributes.swift in Sources */,
			);
			runOnlyForDeploymentPostprocessing = 0;
		};
		CD3917E63027108C00D02ADA /* Sources */ = {
			isa = PBXSourcesBuildPhase;
			buildActionMask = 2147483647;
			files = (
				AA0000000000000000000030 /* WatchLinkMessage.swift in Sources */,
				AA0000000000000000000034 /* PhaseClock.swift in Sources */,
				AA0000000000000000000037 /* PaceTracker.swift in Sources */,
				AA00000000000000000000F2 /* WatchHealthAccess.swift in Sources */,
			);
			runOnlyForDeploymentPostprocessing = 0;
		};
		AA000000000000000000003B /* Sources */ = {
			isa = PBXSourcesBuildPhase;
			buildActionMask = 2147483647;
			files = (
			);
			runOnlyForDeploymentPostprocessing = 0;
		};
/* End PBXSourcesBuildPhase section */

/* Begin PBXTargetDependency section */
		AA0000000000000000000019 /* PBXTargetDependency */ = {
			isa = PBXTargetDependency;
			target = AA0000000000000000000005 /* RunExporter */;
			targetProxy = AA000000000000000000001A /* PBXContainerItemProxy */;
		};
		AA000000000000000000002A /* PBXTargetDependency */ = {
			isa = PBXTargetDependency;
			target = AA000000000000000000002D /* RunExporterLiveActivity */;
			targetProxy = AA000000000000000000002B /* PBXContainerItemProxy */;
		};
		CD3917ED3027108C00D02ADA /* PBXTargetDependency */ = {
			isa = PBXTargetDependency;
			target = CD3917E93027108C00D02ADA /* RunExporterWatch Watch App */;
			targetProxy = CD3917EC3027108C00D02ADA /* PBXContainerItemProxy */;
		};
		AA000000000000000000003E /* PBXTargetDependency */ = {
			isa = PBXTargetDependency;
			target = AA0000000000000000000005 /* RunExporter */;
			targetProxy = AA000000000000000000003F /* PBXContainerItemProxy */;
		};
/* End PBXTargetDependency section */

/* Begin XCBuildConfiguration section */
		AA000000000000000000000C /* Debug */ = {
			isa = XCBuildConfiguration;
			baseConfigurationReference = AA0000000000000000000031 /* Shared.xcconfig */;
			buildSettings = {
				ALWAYS_SEARCH_USER_PATHS = NO;
				ASSETCATALOG_COMPILER_GENERATE_SWIFT_ASSET_SYMBOL_EXTENSIONS = YES;
				CLANG_ANALYZER_NONNULL = YES;
				CLANG_ANALYZER_NUMBER_OBJECT_CONVERSION = YES_AGGRESSIVE;
				CLANG_CXX_LANGUAGE_STANDARD = "gnu++20";
				CLANG_ENABLE_MODULES = YES;
				CLANG_ENABLE_OBJC_ARC = YES;
				CLANG_ENABLE_OBJC_WEAK = YES;
				CLANG_WARN_BLOCK_CAPTURE_AUTORELEASING = YES;
				CLANG_WARN_BOOL_CONVERSION = YES;
				CLANG_WARN_COMMA = YES;
				CLANG_WARN_CONSTANT_CONVERSION = YES;
				CLANG_WARN_DEPRECATED_OBJC_IMPLEMENTATIONS = YES;
				CLANG_WARN_DIRECT_OBJC_ISA_USAGE = YES_ERROR;
				CLANG_WARN_DOCUMENTATION_COMMENTS = YES;
				CLANG_WARN_EMPTY_BODY = YES;
				CLANG_WARN_ENUM_CONVERSION = YES;
				CLANG_WARN_INFINITE_RECURSION = YES;
				CLANG_WARN_INT_CONVERSION = YES;
				CLANG_WARN_NON_LITERAL_NULL_CONVERSION = YES;
				CLANG_WARN_OBJC_LITERAL_CONVERSION = YES;
				CLANG_WARN_OBJC_ROOT_CLASS = YES_ERROR;
				CLANG_WARN_QUOTED_INCLUDE_IN_FRAMEWORK_HEADER = YES;
				CLANG_WARN_RANGE_LOOP_ANALYSIS = YES;
				CLANG_WARN_STRICT_PROTOTYPES = YES;
				CLANG_WARN_SUSPICIOUS_MOVE = YES;
				CLANG_WARN_UNGUARDED_AVAILABILITY = YES_AGGRESSIVE;
				CLANG_WARN_UNREACHABLE_CODE = YES;
				CLANG_WARN__DUPLICATE_METHOD_MATCH = YES;
				COPY_PHASE_STRIP = NO;
				DEBUG_INFORMATION_FORMAT = dwarf;
				ENABLE_STRICT_OBJC_MSGSEND = YES;
				ENABLE_TESTABILITY = YES;
				ENABLE_USER_SCRIPT_SANDBOXING = YES;
				GCC_C_LANGUAGE_STANDARD = gnu17;
				GCC_DYNAMIC_NO_PIC = NO;
				GCC_NO_COMMON_BLOCKS = YES;
				GCC_OPTIMIZATION_LEVEL = 0;
				GCC_PREPROCESSOR_DEFINITIONS = (
					"DEBUG=1",
					"$(inherited)",
				);
				GCC_WARN_64_TO_32_BIT_CONVERSION = YES;
				GCC_WARN_ABOUT_RETURN_TYPE = YES_ERROR;
				GCC_WARN_UNDECLARED_SELECTOR = YES;
				GCC_WARN_UNINITIALIZED_AUTOS = YES_AGGRESSIVE;
				GCC_WARN_UNUSED_FUNCTION = YES;
				GCC_WARN_UNUSED_VARIABLE = YES;
				IPHONEOS_DEPLOYMENT_TARGET = 17.0;
				LOCALIZATION_PREFERS_STRING_CATALOGS = YES;
				MARKETING_VERSION = 1.3.0;
				MTL_ENABLE_DEBUG_INFO = INCLUDE_SOURCE;
				MTL_FAST_MATH = YES;
				ONLY_ACTIVE_ARCH = YES;
				SDKROOT = iphoneos;
				SWIFT_ACTIVE_COMPILATION_CONDITIONS = "DEBUG $(inherited)";
				SWIFT_OPTIMIZATION_LEVEL = "-Onone";
			};
			name = Debug;
		};
		AA000000000000000000000D /* Release */ = {
			isa = XCBuildConfiguration;
			baseConfigurationReference = AA0000000000000000000031 /* Shared.xcconfig */;
			buildSettings = {
				ALWAYS_SEARCH_USER_PATHS = NO;
				ASSETCATALOG_COMPILER_GENERATE_SWIFT_ASSET_SYMBOL_EXTENSIONS = YES;
				CLANG_ANALYZER_NONNULL = YES;
				CLANG_ANALYZER_NUMBER_OBJECT_CONVERSION = YES_AGGRESSIVE;
				CLANG_CXX_LANGUAGE_STANDARD = "gnu++20";
				CLANG_ENABLE_MODULES = YES;
				CLANG_ENABLE_OBJC_ARC = YES;
				CLANG_ENABLE_OBJC_WEAK = YES;
				CLANG_WARN_BLOCK_CAPTURE_AUTORELEASING = YES;
				CLANG_WARN_BOOL_CONVERSION = YES;
				CLANG_WARN_COMMA = YES;
				CLANG_WARN_CONSTANT_CONVERSION = YES;
				CLANG_WARN_DEPRECATED_OBJC_IMPLEMENTATIONS = YES;
				CLANG_WARN_DIRECT_OBJC_ISA_USAGE = YES_ERROR;
				CLANG_WARN_DOCUMENTATION_COMMENTS = YES;
				CLANG_WARN_EMPTY_BODY = YES;
				CLANG_WARN_ENUM_CONVERSION = YES;
				CLANG_WARN_INFINITE_RECURSION = YES;
				CLANG_WARN_INT_CONVERSION = YES;
				CLANG_WARN_NON_LITERAL_NULL_CONVERSION = YES;
				CLANG_WARN_OBJC_LITERAL_CONVERSION = YES;
				CLANG_WARN_OBJC_ROOT_CLASS = YES_ERROR;
				CLANG_WARN_QUOTED_INCLUDE_IN_FRAMEWORK_HEADER = YES;
				CLANG_WARN_RANGE_LOOP_ANALYSIS = YES;
				CLANG_WARN_STRICT_PROTOTYPES = YES;
				CLANG_WARN_SUSPICIOUS_MOVE = YES;
				CLANG_WARN_UNGUARDED_AVAILABILITY = YES_AGGRESSIVE;
				CLANG_WARN_UNREACHABLE_CODE = YES;
				CLANG_WARN__DUPLICATE_METHOD_MATCH = YES;
				COPY_PHASE_STRIP = NO;
				DEBUG_INFORMATION_FORMAT = "dwarf-with-dsym";
				ENABLE_NS_ASSERTIONS = NO;
				ENABLE_STRICT_OBJC_MSGSEND = YES;
				ENABLE_USER_SCRIPT_SANDBOXING = YES;
				GCC_C_LANGUAGE_STANDARD = gnu17;
				GCC_NO_COMMON_BLOCKS = YES;
				GCC_WARN_64_TO_32_BIT_CONVERSION = YES;
				GCC_WARN_ABOUT_RETURN_TYPE = YES_ERROR;
				GCC_WARN_UNDECLARED_SELECTOR = YES;
				GCC_WARN_UNINITIALIZED_AUTOS = YES_AGGRESSIVE;
				GCC_WARN_UNUSED_FUNCTION = YES;
				GCC_WARN_UNUSED_VARIABLE = YES;
				IPHONEOS_DEPLOYMENT_TARGET = 17.0;
				LOCALIZATION_PREFERS_STRING_CATALOGS = YES;
				MARKETING_VERSION = 1.3.0;
				MTL_ENABLE_DEBUG_INFO = NO;
				MTL_FAST_MATH = YES;
				SDKROOT = iphoneos;
				SWIFT_COMPILATION_MODE = wholemodule;
				VALIDATE_PRODUCT = YES;
			};
			name = Release;
		};
		AA000000000000000000000E /* Debug */ = {
			isa = XCBuildConfiguration;
			buildSettings = {
				ASSETCATALOG_COMPILER_APPICON_NAME = AppIcon;
				ASSETCATALOG_COMPILER_GLOBAL_ACCENT_COLOR_NAME = AccentColor;
				CODE_SIGN_ENTITLEMENTS = RunExporter/RunExporter.entitlements;
				CODE_SIGN_STYLE = Automatic;
				CURRENT_PROJECT_VERSION = 1;
				ENABLE_PREVIEWS = YES;
				GENERATE_INFOPLIST_FILE = YES;
				INFOPLIST_FILE = "Config/RunExporter-Info.plist";
				INFOPLIST_KEY_NSHealthShareUsageDescription = "This app reads selected workout, heart rate, distance, step, energy, and running metrics, plus the weather recorded with each workout and its saved GPS route, to create a local export file that you can manually share.";
				INFOPLIST_KEY_NSHealthUpdateUsageDescription = "This app starts and controls the workout your Apple Watch records, so the run and its interval timer begin together.";
				INFOPLIST_KEY_UIApplicationSceneManifest_Generation = YES;
				INFOPLIST_KEY_UIApplicationSupportsIndirectInputEvents = YES;
				INFOPLIST_KEY_UILaunchScreen_Generation = YES;
				INFOPLIST_KEY_UISupportedInterfaceOrientations_iPad = "UIInterfaceOrientationPortrait UIInterfaceOrientationPortraitUpsideDown UIInterfaceOrientationLandscapeLeft UIInterfaceOrientationLandscapeRight";
				INFOPLIST_KEY_UISupportedInterfaceOrientations_iPhone = "UIInterfaceOrientationPortrait UIInterfaceOrientationLandscapeLeft UIInterfaceOrientationLandscapeRight";
				IPHONEOS_DEPLOYMENT_TARGET = 17.0;
				LD_RUNPATH_SEARCH_PATHS = (
					"$(inherited)",
					"@executable_path/Frameworks",
				);
				PRODUCT_BUNDLE_IDENTIFIER = is.doug.runexporter;
				PRODUCT_NAME = "$(TARGET_NAME)";
				SWIFT_EMIT_LOC_STRINGS = YES;
				SWIFT_VERSION = 5.0;
				TARGETED_DEVICE_FAMILY = 1;
			};
			name = Debug;
		};
		AA000000000000000000000F /* Release */ = {
			isa = XCBuildConfiguration;
			buildSettings = {
				ASSETCATALOG_COMPILER_APPICON_NAME = AppIcon;
				ASSETCATALOG_COMPILER_GLOBAL_ACCENT_COLOR_NAME = AccentColor;
				CODE_SIGN_ENTITLEMENTS = RunExporter/RunExporter.entitlements;
				CODE_SIGN_STYLE = Automatic;
				CURRENT_PROJECT_VERSION = 1;
				ENABLE_PREVIEWS = YES;
				GENERATE_INFOPLIST_FILE = YES;
				INFOPLIST_FILE = "Config/RunExporter-Info.plist";
				INFOPLIST_KEY_NSHealthShareUsageDescription = "This app reads selected workout, heart rate, distance, step, energy, and running metrics, plus the weather recorded with each workout and its saved GPS route, to create a local export file that you can manually share.";
				INFOPLIST_KEY_NSHealthUpdateUsageDescription = "This app starts and controls the workout your Apple Watch records, so the run and its interval timer begin together.";
				INFOPLIST_KEY_UIApplicationSceneManifest_Generation = YES;
				INFOPLIST_KEY_UIApplicationSupportsIndirectInputEvents = YES;
				INFOPLIST_KEY_UILaunchScreen_Generation = YES;
				INFOPLIST_KEY_UISupportedInterfaceOrientations_iPad = "UIInterfaceOrientationPortrait UIInterfaceOrientationPortraitUpsideDown UIInterfaceOrientationLandscapeLeft UIInterfaceOrientationLandscapeRight";
				INFOPLIST_KEY_UISupportedInterfaceOrientations_iPhone = "UIInterfaceOrientationPortrait UIInterfaceOrientationLandscapeLeft UIInterfaceOrientationLandscapeRight";
				IPHONEOS_DEPLOYMENT_TARGET = 17.0;
				LD_RUNPATH_SEARCH_PATHS = (
					"$(inherited)",
					"@executable_path/Frameworks",
				);
				PRODUCT_BUNDLE_IDENTIFIER = is.doug.runexporter;
				PRODUCT_NAME = "$(TARGET_NAME)";
				SWIFT_EMIT_LOC_STRINGS = YES;
				SWIFT_VERSION = 5.0;
				TARGETED_DEVICE_FAMILY = 1;
			};
			name = Release;
		};
		AA0000000000000000000017 /* Debug */ = {
			isa = XCBuildConfiguration;
			buildSettings = {
				BUNDLE_LOADER = "$(TEST_HOST)";
				CODE_SIGN_STYLE = Automatic;
				CURRENT_PROJECT_VERSION = 1;
				GENERATE_INFOPLIST_FILE = YES;
				IPHONEOS_DEPLOYMENT_TARGET = 17.0;
				PRODUCT_BUNDLE_IDENTIFIER = is.doug.runexporter.tests;
				PRODUCT_NAME = "$(TARGET_NAME)";
				SWIFT_EMIT_LOC_STRINGS = NO;
				SWIFT_VERSION = 5.0;
				TARGETED_DEVICE_FAMILY = 1;
				TEST_HOST = "$(BUILT_PRODUCTS_DIR)/RunExporter.app/RunExporter";
			};
			name = Debug;
		};
		AA0000000000000000000018 /* Release */ = {
			isa = XCBuildConfiguration;
			buildSettings = {
				BUNDLE_LOADER = "$(TEST_HOST)";
				CODE_SIGN_STYLE = Automatic;
				CURRENT_PROJECT_VERSION = 1;
				GENERATE_INFOPLIST_FILE = YES;
				IPHONEOS_DEPLOYMENT_TARGET = 17.0;
				PRODUCT_BUNDLE_IDENTIFIER = is.doug.runexporter.tests;
				PRODUCT_NAME = "$(TARGET_NAME)";
				SWIFT_EMIT_LOC_STRINGS = NO;
				SWIFT_VERSION = 5.0;
				TARGETED_DEVICE_FAMILY = 1;
				TEST_HOST = "$(BUILT_PRODUCTS_DIR)/RunExporter.app/RunExporter";
			};
			name = Release;
		};
		AA0000000000000000000028 /* Debug */ = {
			isa = XCBuildConfiguration;
			buildSettings = {
				CODE_SIGN_STYLE = Automatic;
				CURRENT_PROJECT_VERSION = 1;
				GENERATE_INFOPLIST_FILE = YES;
				INFOPLIST_FILE = "Config/RunExporterLiveActivity-Info.plist";
				INFOPLIST_KEY_CFBundleDisplayName = "Run Workout";
				IPHONEOS_DEPLOYMENT_TARGET = 17.0;
				LD_RUNPATH_SEARCH_PATHS = (
					"$(inherited)",
					"@executable_path/Frameworks",
					"@executable_path/../../Frameworks",
				);
				PRODUCT_BUNDLE_IDENTIFIER = is.doug.runexporter.LiveActivity;
				PRODUCT_NAME = "$(TARGET_NAME)";
				SKIP_INSTALL = YES;
				SWIFT_EMIT_LOC_STRINGS = YES;
				SWIFT_VERSION = 5.0;
				TARGETED_DEVICE_FAMILY = 1;
			};
			name = Debug;
		};
		AA0000000000000000000029 /* Release */ = {
			isa = XCBuildConfiguration;
			buildSettings = {
				CODE_SIGN_STYLE = Automatic;
				CURRENT_PROJECT_VERSION = 1;
				GENERATE_INFOPLIST_FILE = YES;
				INFOPLIST_FILE = "Config/RunExporterLiveActivity-Info.plist";
				INFOPLIST_KEY_CFBundleDisplayName = "Run Workout";
				IPHONEOS_DEPLOYMENT_TARGET = 17.0;
				LD_RUNPATH_SEARCH_PATHS = (
					"$(inherited)",
					"@executable_path/Frameworks",
					"@executable_path/../../Frameworks",
				);
				PRODUCT_BUNDLE_IDENTIFIER = is.doug.runexporter.LiveActivity;
				PRODUCT_NAME = "$(TARGET_NAME)";
				SKIP_INSTALL = YES;
				SWIFT_EMIT_LOC_STRINGS = YES;
				SWIFT_VERSION = 5.0;
				TARGETED_DEVICE_FAMILY = 1;
			};
			name = Release;
		};
		CD3917F83027108E00D02ADA /* Debug */ = {
			isa = XCBuildConfiguration;
			buildSettings = {
				ASSETCATALOG_COMPILER_APPICON_NAME = AppIcon;
				ASSETCATALOG_COMPILER_GLOBAL_ACCENT_COLOR_NAME = AccentColor;
				CLANG_WARN_OBJC_IMPLICIT_RETAIN_SELF = YES;
				CODE_SIGN_ENTITLEMENTS = "RunExporterWatch Watch App/RunExporterWatch.entitlements";
				CODE_SIGN_STYLE = Automatic;
				CURRENT_PROJECT_VERSION = 1;
				ENABLE_PREVIEWS = YES;
				GENERATE_INFOPLIST_FILE = YES;
				INFOPLIST_FILE = "Config/RunExporterWatch-Info.plist";
				INFOPLIST_KEY_CFBundleDisplayName = RunExporterWatch;
				INFOPLIST_KEY_UISupportedInterfaceOrientations = "UIInterfaceOrientationPortrait UIInterfaceOrientationPortraitUpsideDown";
				LD_RUNPATH_SEARCH_PATHS = (
					"$(inherited)",
					"@executable_path/Frameworks",
				);
				MARKETING_VERSION = 1.0;
				PRODUCT_BUNDLE_IDENTIFIER = is.doug.runexporter.watchkitapp;
				PRODUCT_NAME = "$(TARGET_NAME)";
				SDKROOT = watchos;
				SKIP_INSTALL = YES;
				STRING_CATALOG_GENERATE_SYMBOLS = YES;
				SWIFT_APPROACHABLE_CONCURRENCY = YES;
				SWIFT_DEFAULT_ACTOR_ISOLATION = MainActor;
				SWIFT_EMIT_LOC_STRINGS = YES;
				SWIFT_UPCOMING_FEATURE_MEMBER_IMPORT_VISIBILITY = YES;
				SWIFT_VERSION = 5.0;
				TARGETED_DEVICE_FAMILY = 4;
				WATCHOS_DEPLOYMENT_TARGET = 10.0;
			};
			name = Debug;
		};
		CD3917F93027108E00D02ADA /* Release */ = {
			isa = XCBuildConfiguration;
			buildSettings = {
				ASSETCATALOG_COMPILER_APPICON_NAME = AppIcon;
				ASSETCATALOG_COMPILER_GLOBAL_ACCENT_COLOR_NAME = AccentColor;
				CLANG_WARN_OBJC_IMPLICIT_RETAIN_SELF = YES;
				CODE_SIGN_ENTITLEMENTS = "RunExporterWatch Watch App/RunExporterWatch.entitlements";
				CODE_SIGN_STYLE = Automatic;
				CURRENT_PROJECT_VERSION = 1;
				ENABLE_PREVIEWS = YES;
				GENERATE_INFOPLIST_FILE = YES;
				INFOPLIST_FILE = "Config/RunExporterWatch-Info.plist";
				INFOPLIST_KEY_CFBundleDisplayName = RunExporterWatch;
				INFOPLIST_KEY_UISupportedInterfaceOrientations = "UIInterfaceOrientationPortrait UIInterfaceOrientationPortraitUpsideDown";
				LD_RUNPATH_SEARCH_PATHS = (
					"$(inherited)",
					"@executable_path/Frameworks",
				);
				MARKETING_VERSION = 1.0;
				PRODUCT_BUNDLE_IDENTIFIER = is.doug.runexporter.watchkitapp;
				PRODUCT_NAME = "$(TARGET_NAME)";
				SDKROOT = watchos;
				SKIP_INSTALL = YES;
				STRING_CATALOG_GENERATE_SYMBOLS = YES;
				SWIFT_APPROACHABLE_CONCURRENCY = YES;
				SWIFT_DEFAULT_ACTOR_ISOLATION = MainActor;
				SWIFT_EMIT_LOC_STRINGS = YES;
				SWIFT_UPCOMING_FEATURE_MEMBER_IMPORT_VISIBILITY = YES;
				SWIFT_VERSION = 5.0;
				TARGETED_DEVICE_FAMILY = 4;
				WATCHOS_DEPLOYMENT_TARGET = 10.0;
			};
			name = Release;
		};
		AA0000000000000000000041 /* Debug */ = {
			isa = XCBuildConfiguration;
			buildSettings = {
				CODE_SIGN_STYLE = Automatic;
				CURRENT_PROJECT_VERSION = 1;
				GENERATE_INFOPLIST_FILE = YES;
				IPHONEOS_DEPLOYMENT_TARGET = 17.0;
				PRODUCT_BUNDLE_IDENTIFIER = is.doug.runexporter.uitests;
				PRODUCT_NAME = "$(TARGET_NAME)";
				SWIFT_EMIT_LOC_STRINGS = NO;
				SWIFT_VERSION = 5.0;
				TARGETED_DEVICE_FAMILY = 1;
				TEST_TARGET_NAME = RunExporter;
			};
			name = Debug;
		};
		AA0000000000000000000042 /* Release */ = {
			isa = XCBuildConfiguration;
			buildSettings = {
				CODE_SIGN_STYLE = Automatic;
				CURRENT_PROJECT_VERSION = 1;
				GENERATE_INFOPLIST_FILE = YES;
				IPHONEOS_DEPLOYMENT_TARGET = 17.0;
				PRODUCT_BUNDLE_IDENTIFIER = is.doug.runexporter.uitests;
				PRODUCT_NAME = "$(TARGET_NAME)";
				SWIFT_EMIT_LOC_STRINGS = NO;
				SWIFT_VERSION = 5.0;
				TARGETED_DEVICE_FAMILY = 1;
				TEST_TARGET_NAME = RunExporter;
			};
			name = Release;
		};
/* End XCBuildConfiguration section */

/* Begin XCConfigurationList section */
		AA000000000000000000000A /* Build configuration list for PBXProject "RunExporter" */ = {
			isa = XCConfigurationList;
			buildConfigurations = (
				AA000000000000000000000C /* Debug */,
				AA000000000000000000000D /* Release */,
			);
			defaultConfigurationIsVisible = 0;
			defaultConfigurationName = Release;
		};
		AA000000000000000000000B /* Build configuration list for PBXNativeTarget "RunExporter" */ = {
			isa = XCConfigurationList;
			buildConfigurations = (
				AA000000000000000000000E /* Debug */,
				AA000000000000000000000F /* Release */,
			);
			defaultConfigurationIsVisible = 0;
			defaultConfigurationName = Release;
		};
		AA0000000000000000000016 /* Build configuration list for PBXNativeTarget "RunExporterTests" */ = {
			isa = XCConfigurationList;
			buildConfigurations = (
				AA0000000000000000000017 /* Debug */,
				AA0000000000000000000018 /* Release */,
			);
			defaultConfigurationIsVisible = 0;
			defaultConfigurationName = Release;
		};
		AA0000000000000000000027 /* Build configuration list for PBXNativeTarget "RunExporterLiveActivity" */ = {
			isa = XCConfigurationList;
			buildConfigurations = (
				AA0000000000000000000028 /* Debug */,
				AA0000000000000000000029 /* Release */,
			);
			defaultConfigurationIsVisible = 0;
			defaultConfigurationName = Release;
		};
		CD3917FA3027108E00D02ADA /* Build configuration list for PBXNativeTarget "RunExporterWatch Watch App" */ = {
			isa = XCConfigurationList;
			buildConfigurations = (
				CD3917F83027108E00D02ADA /* Debug */,
				CD3917F93027108E00D02ADA /* Release */,
			);
			defaultConfigurationIsVisible = 0;
			defaultConfigurationName = Release;
		};
		AA0000000000000000000040 /* Build configuration list for PBXNativeTarget "RunExporterUITests" */ = {
			isa = XCConfigurationList;
			buildConfigurations = (
				AA0000000000000000000041 /* Debug */,
				AA0000000000000000000042 /* Release */,
			);
			defaultConfigurationIsVisible = 0;
			defaultConfigurationName = Release;
		};
/* End XCConfigurationList section */
	};
	rootObject = AA0000000000000000000001 /* Project object */;
}
